// !$*UTF8*$!
{
	archiveVersion = 1;
	classes = {
	};
	objectVersion = 56;
	objects = {

/* Begin PBXFileReference section */
		B05CB2812AE67F17005F987D /* ARC weak property.playground */ = {isa = PBXFileReference; lastKnownFileType = file.playground; path = "ARC weak property.playground"; sourceTree = "<group>"; xcLanguageSpecificationIdentifier = xcode.lang.swift; };
/* End PBXFileReference section */

/* Begin PBXGroup section */
		B05CB27A2AE67EEF005F987D = {
			isa = PBXGroup;
			children = (
				B05CB2812AE67F17005F987D /* ARC weak property.playground */,
			);
			sourceTree = "<group>";
		};
/* End PBXGroup section */

/* Begin PBXProject section */
		B05CB27B2AE67EEF005F987D /* Project object */ = {
			isa = PBXProject;
			attributes = {
				BuildIndependentTargetsInParallel = 1;
				LastUpgradeCheck = 1420;
			};
			buildConfigurationList = B05CB27E2AE67EEF005F987D /* Build configuration list for PBXProject "ARC" */;
			compatibilityVersion = "Xcode 14.0";
			developmentRegion = en;
			hasScannedForEncodings = 0;
			knownRegions = (
				en,
				Base,
			);
			mainGroup = B05CB27A2AE67EEF005F987D;
			projectDirPath = "";
			projectRoot = "";
			targets = (
			);
		};
/* End PBXProject section */

/* Begin XCBuildConfiguration section */
		B05CB27F2AE67EEF005F987D /* Debug */ = {
			isa = XCBuildConfiguration;
			buildSettings = {
			};
			name = Debug;
		};
		B05CB2802AE67EEF005F987D /* Release */ = {
			isa = XCBuildConfiguration;
			buildSettings = {
			};
			name = Release;
		};
/* End XCBuildConfiguration section */

/* Begin XCConfigurationList section */
		B05CB27E2AE67EEF005F987D /* Build configuration list for PBXProject "ARC" */ = {
			isa = XCConfigurationList;
			buildConfigurations = (
				B05CB27F2AE67EEF005F987D /* Debug */,
				B05CB2802AE67EEF005F987D /* Release */,
			);
			defaultConfigurationIsVisible = 0;
			defaultConfigurationName = Release;
		};
/* End XCConfigurationList section */
	};
	rootObject = B05CB27B2AE67EEF005F987D /* Project object */;
}
